// !$*UTF8*$!
{
	archiveVersion = 1;
	classes = {
	};
	objectVersion = 46;
	objects = {

/* Begin PBXBuildFile section */
		0C39CECE25090E6E13AD85B3 /* Pods_instagramUITests.framework in Frameworks */ = {isa = PBXBuildFile; fileRef = 98E3A2756D0C9807A684F567 /* Pods_instagramUITests.framework */; };
		A062CBBA1F02FD4B00932AAC /* AppDelegate.swift in Sources */ = {isa = PBXBuildFile; fileRef = A062CBB91F02FD4B00932AAC /* AppDelegate.swift */; };
		A062CBBC1F02FD4B00932AAC /* ViewController.swift in Sources */ = {isa = PBXBuildFile; fileRef = A062CBBB1F02FD4B00932AAC /* ViewController.swift */; };
		A062CBBF1F02FD4B00932AAC /* Main.storyboard in Resources */ = {isa = PBXBuildFile; fileRef = A062CBBD1F02FD4B00932AAC /* Main.storyboard */; };
		A062CBC41F02FD4B00932AAC /* LaunchScreen.storyboard in Resources */ = {isa = PBXBuildFile; fileRef = A062CBC21F02FD4B00932AAC /* LaunchScreen.storyboard */; };
		A062CBCF1F02FD4B00932AAC /* instagramTests.swift in Sources */ = {isa = PBXBuildFile; fileRef = A062CBCE1F02FD4B00932AAC /* instagramTests.swift */; };
		A062CBDA1F02FD4B00932AAC /* instagramUITests.swift in Sources */ = {isa = PBXBuildFile; fileRef = A062CBD91F02FD4B00932AAC /* instagramUITests.swift */; };
		A062CBE81F0309B300932AAC /* LoginViewController.swift in Sources */ = {isa = PBXBuildFile; fileRef = A062CBE71F0309B300932AAC /* LoginViewController.swift */; };
		A062CBED1F03282000932AAC /* CaptureViewController.swift in Sources */ = {isa = PBXBuildFile; fileRef = A062CBEC1F03282000932AAC /* CaptureViewController.swift */; };
		A062CBEF1F03287100932AAC /* HomeViewController.swift in Sources */ = {isa = PBXBuildFile; fileRef = A062CBEE1F03287100932AAC /* HomeViewController.swift */; };
		A062CBF11F0329C300932AAC /* ProfileViewController.swift in Sources */ = {isa = PBXBuildFile; fileRef = A062CBF01F0329C300932AAC /* ProfileViewController.swift */; };
		A062CBF31F040B1300932AAC /* Post.swift in Sources */ = {isa = PBXBuildFile; fileRef = A062CBF21F040B1300932AAC /* Post.swift */; };
		A062CBF51F042B0700932AAC /* homeCell.swift in Sources */ = {isa = PBXBuildFile; fileRef = A062CBF41F042B0700932AAC /* homeCell.swift */; };
		A09F3D341F055CB600F3D3CE /* DetailViewController.swift in Sources */ = {isa = PBXBuildFile; fileRef = A09F3D331F055CB600F3D3CE /* DetailViewController.swift */; };
		A09F3D371F05A2F900F3D3CE /* Assets.xcassets in Resources */ = {isa = PBXBuildFile; fileRef = A09F3D361F05A2F900F3D3CE /* Assets.xcassets */; };
		A09F3D391F05CC7800F3D3CE /* profileCell.swift in Sources */ = {isa = PBXBuildFile; fileRef = A09F3D381F05CC7800F3D3CE /* profileCell.swift */; };
		A6741E49998FE7A3261CC290 /* Pods_instagram.framework in Frameworks */ = {isa = PBXBuildFile; fileRef = A89F7C1A9EFE884BBC78395F /* Pods_instagram.framework */; };
		DE21C58038D2125CC8EAB244 /* Pods_instagramTests.framework in Frameworks */ = {isa = PBXBuildFile; fileRef = CD193651439EF0185FBDE13E /* Pods_instagramTests.framework */; };
/* End PBXBuildFile section */

/* Begin PBXContainerItemProxy section */
		A062CBCB1F02FD4B00932AAC /* PBXContainerItemProxy */ = {
			isa = PBXContainerItemProxy;
			containerPortal = A062CBAE1F02FD4B00932AAC /* Project object */;
			proxyType = 1;
			remoteGlobalIDString = A062CBB51F02FD4B00932AAC;
			remoteInfo = instagram;
		};
		A062CBD61F02FD4B00932AAC /* PBXContainerItemProxy */ = {
			isa = PBXContainerItemProxy;
			containerPortal = A062CBAE1F02FD4B00932AAC /* Project object */;
			proxyType = 1;
			remoteGlobalIDString = A062CBB51F02FD4B00932AAC;
			remoteInfo = instagram;
		};
/* End PBXContainerItemProxy section */

/* Begin PBXFileReference section */
		30B9B304A8FC82FB2909A6EE /* Pods-instagramUITests.release.xcconfig */ = {isa = PBXFileReference; includeInIndex = 1; lastKnownFileType = text.xcconfig; name = "Pods-instagramUITests.release.xcconfig"; path = "Pods/Target Support Files/Pods-instagramUITests/Pods-instagramUITests.release.xcconfig"; sourceTree = "<group>"; };
		3A02DFDE10A9792449B18840 /* Pods-instagram.debug.xcconfig */ = {isa = PBXFileReference; includeInIndex = 1; lastKnownFileType = text.xcconfig; name = "Pods-instagram.debug.xcconfig"; path = "Pods/Target Support Files/Pods-instagram/Pods-instagram.debug.xcconfig"; sourceTree = "<group>"; };
		45682E8C04E3B8229B3021CE /* Pods-instagramTests.release.xcconfig */ = {isa = PBXFileReference; includeInIndex = 1; lastKnownFileType = text.xcconfig; name = "Pods-instagramTests.release.xcconfig"; path = "Pods/Target Support Files/Pods-instagramTests/Pods-instagramTests.release.xcconfig"; sourceTree = "<group>"; };
		78C2065C49999C38C0090E04 /* Pods-instagram.release.xcconfig */ = {isa = PBXFileReference; includeInIndex = 1; lastKnownFileType = text.xcconfig; name = "Pods-instagram.release.xcconfig"; path = "Pods/Target Support Files/Pods-instagram/Pods-instagram.release.xcconfig"; sourceTree = "<group>"; };
		821DCA9DE1BAF995D3D303D9 /* Pods-instagramTests.debug.xcconfig */ = {isa = PBXFileReference; includeInIndex = 1; lastKnownFileType = text.xcconfig; name = "Pods-instagramTests.debug.xcconfig"; path = "Pods/Target Support Files/Pods-instagramTests/Pods-instagramTests.debug.xcconfig"; sourceTree = "<group>"; };
		919F432699F6C2E9AE72F2E1 /* Pods-instagramUITests.debug.xcconfig */ = {isa = PBXFileReference; includeInIndex = 1; lastKnownFileType = text.xcconfig; name = "Pods-instagramUITests.debug.xcconfig"; path = "Pods/Target Support Files/Pods-instagramUITests/Pods-instagramUITests.debug.xcconfig"; sourceTree = "<group>"; };
		98E3A2756D0C9807A684F567 /* Pods_instagramUITests.framework */ = {isa = PBXFileReference; explicitFileType = wrapper.framework; includeInIndex = 0; path = Pods_instagramUITests.framework; sourceTree = BUILT_PRODUCTS_DIR; };
		A062CBB61F02FD4B00932AAC /* instagram.app */ = {isa = PBXFileReference; explicitFileType = wrapper.application; includeInIndex = 0; path = instagram.app; sourceTree = BUILT_PRODUCTS_DIR; };
		A062CBB91F02FD4B00932AAC /* AppDelegate.swift */ = {isa = PBXFileReference; lastKnownFileType = sourcecode.swift; path = AppDelegate.swift; sourceTree = "<group>"; };
		A062CBBB1F02FD4B00932AAC /* ViewController.swift */ = {isa = PBXFileReference; lastKnownFileType = sourcecode.swift; path = ViewController.swift; sourceTree = "<group>"; };
		A062CBBE1F02FD4B00932AAC /* Base */ = {isa = PBXFileReference; lastKnownFileType = file.storyboard; name = Base; path = Base.lproj/Main.storyboard; sourceTree = "<group>"; };
		A062CBC31F02FD4B00932AAC /* Base */ = {isa = PBXFileReference; lastKnownFileType = file.storyboard; name = Base; path = Base.lproj/LaunchScreen.storyboard; sourceTree = "<group>"; };
		A062CBC51F02FD4B00932AAC /* Info.plist */ = {isa = PBXFileReference; lastKnownFileType = text.plist.xml; path = Info.plist; sourceTree = "<group>"; };
		A062CBCA1F02FD4B00932AAC /* instagramTests.xctest */ = {isa = PBXFileReference; explicitFileType = wrapper.cfbundle; includeInIndex = 0; path = instagramTests.xctest; sourceTree = BUILT_PRODUCTS_DIR; };
		A062CBCE1F02FD4B00932AAC /* instagramTests.swift */ = {isa = PBXFileReference; lastKnownFileType = sourcecode.swift; path = instagramTests.swift; sourceTree = "<group>"; };
		A062CBD01F02FD4B00932AAC /* Info.plist */ = {isa = PBXFileReference; lastKnownFileType = text.plist.xml; path = Info.plist; sourceTree = "<group>"; };
		A062CBD51F02FD4B00932AAC /* instagramUITests.xctest */ = {isa = PBXFileReference; explicitFileType = wrapper.cfbundle; includeInIndex = 0; path = instagramUITests.xctest; sourceTree = BUILT_PRODUCTS_DIR; };
		A062CBD91F02FD4B00932AAC /* instagramUITests.swift */ = {isa = PBXFileReference; lastKnownFileType = sourcecode.swift; path = instagramUITests.swift; sourceTree = "<group>"; };
		A062CBDB1F02FD4B00932AAC /* Info.plist */ = {isa = PBXFileReference; lastKnownFileType = text.plist.xml; path = Info.plist; sourceTree = "<group>"; };
		A062CBE71F0309B300932AAC /* LoginViewController.swift */ = {isa = PBXFileReference; fileEncoding = 4; lastKnownFileType = sourcecode.swift; path = LoginViewController.swift; sourceTree = "<group>"; };
		A062CBEC1F03282000932AAC /* CaptureViewController.swift */ = {isa = PBXFileReference; fileEncoding = 4; lastKnownFileType = sourcecode.swift; path = CaptureViewController.swift; sourceTree = "<group>"; };
		A062CBEE1F03287100932AAC /* HomeViewController.swift */ = {isa = PBXFileReference; fileEncoding = 4; lastKnownFileType = sourcecode.swift; path = HomeViewController.swift; sourceTree = "<group>"; };
		A062CBF01F0329C300932AAC /* ProfileViewController.swift */ = {isa = PBXFileReference; fileEncoding = 4; lastKnownFileType = sourcecode.swift; path = ProfileViewController.swift; sourceTree = "<group>"; };
		A062CBF21F040B1300932AAC /* Post.swift */ = {isa = PBXFileReference; fileEncoding = 4; lastKnownFileType = sourcecode.swift; path = Post.swift; sourceTree = "<group>"; };
		A062CBF41F042B0700932AAC /* homeCell.swift */ = {isa = PBXFileReference; fileEncoding = 4; lastKnownFileType = sourcecode.swift; path = homeCell.swift; sourceTree = "<group>"; };
		A09F3D331F055CB600F3D3CE /* DetailViewController.swift */ = {isa = PBXFileReference; fileEncoding = 4; lastKnownFileType = sourcecode.swift; path = DetailViewController.swift; sourceTree = "<group>"; };
		A09F3D361F05A2F900F3D3CE /* Assets.xcassets */ = {isa = PBXFileReference; lastKnownFileType = folder.assetcatalog; path = Assets.xcassets; sourceTree = "<group>"; };
		A09F3D381F05CC7800F3D3CE /* profileCell.swift */ = {isa = PBXFileReference; fileEncoding = 4; lastKnownFileType = sourcecode.swift; path = profileCell.swift; sourceTree = "<group>"; };
		A89F7C1A9EFE884BBC78395F /* Pods_instagram.framework */ = {isa = PBXFileReference; explicitFileType = wrapper.framework; includeInIndex = 0; path = Pods_instagram.framework; sourceTree = BUILT_PRODUCTS_DIR; };
		CD193651439EF0185FBDE13E /* Pods_instagramTests.framework */ = {isa = PBXFileReference; explicitFileType = wrapper.framework; includeInIndex = 0; path = Pods_instagramTests.framework; sourceTree = BUILT_PRODUCTS_DIR; };
/* End PBXFileReference section */

/* Begin PBXFrameworksBuildPhase section */
		A062CBB31F02FD4B00932AAC /* Frameworks */ = {
			isa = PBXFrameworksBuildPhase;
			buildActionMask = 2147483647;
			files = (
				A6741E49998FE7A3261CC290 /* Pods_instagram.framework in Frameworks */,
			);
			runOnlyForDeploymentPostprocessing = 0;
		};
		A062CBC71F02FD4B00932AAC /* Frameworks */ = {
			isa = PBXFrameworksBuildPhase;
			buildActionMask = 2147483647;
			files = (
				DE21C58038D2125CC8EAB244 /* Pods_instagramTests.framework in Frameworks */,
			);
			runOnlyForDeploymentPostprocessing = 0;
		};
		A062CBD21F02FD4B00932AAC /* Frameworks */ = {
			isa = PBXFrameworksBuildPhase;
			buildActionMask = 2147483647;
			files = (
				0C39CECE25090E6E13AD85B3 /* Pods_instagramUITests.framework in Frameworks */,
			);
			runOnlyForDeploymentPostprocessing = 0;
		};
/* End PBXFrameworksBuildPhase section */

/* Begin PBXGroup section */
		196FE2B0969535C04E89B489 /* Pods */ = {
			isa = PBXGroup;
			children = (
				3A02DFDE10A9792449B18840 /* Pods-instagram.debug.xcconfig */,
				78C2065C49999C38C0090E04 /* Pods-instagram.release.xcconfig */,
				821DCA9DE1BAF995D3D303D9 /* Pods-instagramTests.debug.xcconfig */,
				45682E8C04E3B8229B3021CE /* Pods-instagramTests.release.xcconfig */,
				919F432699F6C2E9AE72F2E1 /* Pods-instagramUITests.debug.xcconfig */,
				30B9B304A8FC82FB2909A6EE /* Pods-instagramUITests.release.xcconfig */,
			);
			name = Pods;
			sourceTree = "<group>";
		};
		A062CBAD1F02FD4B00932AAC = {
			isa = PBXGroup;
			children = (
				A062CBB81F02FD4B00932AAC /* instagram */,
				A062CBCD1F02FD4B00932AAC /* instagramTests */,
				A062CBD81F02FD4B00932AAC /* instagramUITests */,
				A062CBB71F02FD4B00932AAC /* Products */,
				196FE2B0969535C04E89B489 /* Pods */,
				BAC3D581B626631865FF4088 /* Frameworks */,
			);
			sourceTree = "<group>";
		};
		A062CBB71F02FD4B00932AAC /* Products */ = {
			isa = PBXGroup;
			children = (
				A062CBB61F02FD4B00932AAC /* instagram.app */,
				A062CBCA1F02FD4B00932AAC /* instagramTests.xctest */,
				A062CBD51F02FD4B00932AAC /* instagramUITests.xctest */,
			);
			name = Products;
			sourceTree = "<group>";
		};
		A062CBB81F02FD4B00932AAC /* instagram */ = {
			isa = PBXGroup;
			children = (
				A062CBEB1F03270E00932AAC /* ViewControllers */,
				A062CBB91F02FD4B00932AAC /* AppDelegate.swift */,
				A09F3D361F05A2F900F3D3CE /* Assets.xcassets */,
				A062CBBD1F02FD4B00932AAC /* Main.storyboard */,
				A062CBF41F042B0700932AAC /* homeCell.swift */,
				A09F3D381F05CC7800F3D3CE /* profileCell.swift */,
				A062CBF21F040B1300932AAC /* Post.swift */,
				A062CBC21F02FD4B00932AAC /* LaunchScreen.storyboard */,
				A062CBC51F02FD4B00932AAC /* Info.plist */,
			);
			path = instagram;
			sourceTree = "<group>";
		};
		A062CBCD1F02FD4B00932AAC /* instagramTests */ = {
			isa = PBXGroup;
			children = (
				A062CBCE1F02FD4B00932AAC /* instagramTests.swift */,
				A062CBD01F02FD4B00932AAC /* Info.plist */,
			);
			path = instagramTests;
			sourceTree = "<group>";
		};
		A062CBD81F02FD4B00932AAC /* instagramUITests */ = {
			isa = PBXGroup;
			children = (
				A062CBD91F02FD4B00932AAC /* instagramUITests.swift */,
				A062CBDB1F02FD4B00932AAC /* Info.plist */,
			);
			path = instagramUITests;
			sourceTree = "<group>";
		};
		A062CBEB1F03270E00932AAC /* ViewControllers */ = {
			isa = PBXGroup;
			children = (
				A062CBBB1F02FD4B00932AAC /* ViewController.swift */,
				A062CBE71F0309B300932AAC /* LoginViewController.swift */,
				A062CBEC1F03282000932AAC /* CaptureViewController.swift */,
				A062CBEE1F03287100932AAC /* HomeViewController.swift */,
				A062CBF01F0329C300932AAC /* ProfileViewController.swift */,
				A09F3D331F055CB600F3D3CE /* DetailViewController.swift */,
			);
			name = ViewControllers;
			sourceTree = "<group>";
		};
		BAC3D581B626631865FF4088 /* Frameworks */ = {
			isa = PBXGroup;
			children = (
				A89F7C1A9EFE884BBC78395F /* Pods_instagram.framework */,
				CD193651439EF0185FBDE13E /* Pods_instagramTests.framework */,
				98E3A2756D0C9807A684F567 /* Pods_instagramUITests.framework */,
			);
			name = Frameworks;
			sourceTree = "<group>";
		};
/* End PBXGroup section */

/* Begin PBXNativeTarget section */
		A062CBB51F02FD4B00932AAC /* instagram */ = {
			isa = PBXNativeTarget;
			buildConfigurationList = A062CBDE1F02FD4B00932AAC /* Build configuration list for PBXNativeTarget "instagram" */;
			buildPhases = (
				46928C48AFDEF3844F1BA7D1 /* [CP] Check Pods Manifest.lock */,
				A062CBB21F02FD4B00932AAC /* Sources */,
				A062CBB31F02FD4B00932AAC /* Frameworks */,
				A062CBB41F02FD4B00932AAC /* Resources */,
				3373824549833D68AEE7144F /* [CP] Embed Pods Frameworks */,
				07429AC149117934DC5D02C7 /* [CP] Copy Pods Resources */,
			);
			buildRules = (
			);
			dependencies = (
			);
			name = instagram;
			productName = instagram;
			productReference = A062CBB61F02FD4B00932AAC /* instagram.app */;
			productType = "com.apple.product-type.application";
		};
		A062CBC91F02FD4B00932AAC /* instagramTests */ = {
			isa = PBXNativeTarget;
			buildConfigurationList = A062CBE11F02FD4B00932AAC /* Build configuration list for PBXNativeTarget "instagramTests" */;
			buildPhases = (
				886DF3B8616B733B37153B7C /* [CP] Check Pods Manifest.lock */,
				A062CBC61F02FD4B00932AAC /* Sources */,
				A062CBC71F02FD4B00932AAC /* Frameworks */,
				A062CBC81F02FD4B00932AAC /* Resources */,
				00FF181EF3FD1F971C8D944F /* [CP] Embed Pods Frameworks */,
				0C5571E66D782A9EE1CB3990 /* [CP] Copy Pods Resources */,
			);
			buildRules = (
			);
			dependencies = (
				A062CBCC1F02FD4B00932AAC /* PBXTargetDependency */,
			);
			name = instagramTests;
			productName = instagramTests;
			productReference = A062CBCA1F02FD4B00932AAC /* instagramTests.xctest */;
			productType = "com.apple.product-type.bundle.unit-test";
		};
		A062CBD41F02FD4B00932AAC /* instagramUITests */ = {
			isa = PBXNativeTarget;
			buildConfigurationList = A062CBE41F02FD4B00932AAC /* Build configuration list for PBXNativeTarget "instagramUITests" */;
			buildPhases = (
				31C18391B5A1434A3D651F4D /* [CP] Check Pods Manifest.lock */,
				A062CBD11F02FD4B00932AAC /* Sources */,
				A062CBD21F02FD4B00932AAC /* Frameworks */,
				A062CBD31F02FD4B00932AAC /* Resources */,
				2FD9F7D3B6C4DAAEE7E57076 /* [CP] Embed Pods Frameworks */,
				E390232B2F1FD8FABA0309DB /* [CP] Copy Pods Resources */,
			);
			buildRules = (
			);
			dependencies = (
				A062CBD71F02FD4B00932AAC /* PBXTargetDependency */,
			);
			name = instagramUITests;
			productName = instagramUITests;
			productReference = A062CBD51F02FD4B00932AAC /* instagramUITests.xctest */;
			productType = "com.apple.product-type.bundle.ui-testing";
		};
/* End PBXNativeTarget section */

/* Begin PBXProject section */
		A062CBAE1F02FD4B00932AAC /* Project object */ = {
			isa = PBXProject;
			attributes = {
				LastSwiftUpdateCheck = 0830;
				LastUpgradeCheck = 0830;
				ORGANIZATIONNAME = "Daniel Afolabi";
				TargetAttributes = {
					A062CBB51F02FD4B00932AAC = {
						CreatedOnToolsVersion = 8.3.2;
						DevelopmentTeam = SBJXS787V3;
						ProvisioningStyle = Automatic;
					};
					A062CBC91F02FD4B00932AAC = {
						CreatedOnToolsVersion = 8.3.2;
						ProvisioningStyle = Automatic;
						TestTargetID = A062CBB51F02FD4B00932AAC;
					};
					A062CBD41F02FD4B00932AAC = {
						CreatedOnToolsVersion = 8.3.2;
						ProvisioningStyle = Automatic;
						TestTargetID = A062CBB51F02FD4B00932AAC;
					};
				};
			};
			buildConfigurationList = A062CBB11F02FD4B00932AAC /* Build configuration list for PBXProject "instagram" */;
			compatibilityVersion = "Xcode 3.2";
			developmentRegion = English;
			hasScannedForEncodings = 0;
			knownRegions = (
				en,
				Base,
			);
			mainGroup = A062CBAD1F02FD4B00932AAC;
			productRefGroup = A062CBB71F02FD4B00932AAC /* Products */;
			projectDirPath = "";
			projectRoot = "";
			targets = (
				A062CBB51F02FD4B00932AAC /* instagram */,
				A062CBC91F02FD4B00932AAC /* instagramTests */,
				A062CBD41F02FD4B00932AAC /* instagramUITests */,
			);
		};
/* End PBXProject section */

/* Begin PBXResourcesBuildPhase section */
		A062CBB41F02FD4B00932AAC /* Resources */ = {
			isa = PBXResourcesBuildPhase;
			buildActionMask = 2147483647;
			files = (
				A062CBC41F02FD4B00932AAC /* LaunchScreen.storyboard in Resources */,
				A09F3D371F05A2F900F3D3CE /* Assets.xcassets in Resources */,
				A062CBBF1F02FD4B00932AAC /* Main.storyboard in Resources */,
			);
			runOnlyForDeploymentPostprocessing = 0;
		};
		A062CBC81F02FD4B00932AAC /* Resources */ = {
			isa = PBXResourcesBuildPhase;
			buildActionMask = 2147483647;
			files = (
			);
			runOnlyForDeploymentPostprocessing = 0;
		};
		A062CBD31F02FD4B00932AAC /* Resources */ = {
			isa = PBXResourcesBuildPhase;
			buildActionMask = 2147483647;
			files = (
			);
			runOnlyForDeploymentPostprocessing = 0;
		};
/* End PBXResourcesBuildPhase section */

/* Begin PBXShellScriptBuildPhase section */
		00FF181EF3FD1F971C8D944F /* [CP] Embed Pods Frameworks */ = {
			isa = PBXShellScriptBuildPhase;
			buildActionMask = 2147483647;
			files = (
			);
			inputPaths = (
			);
			name = "[CP] Embed Pods Frameworks";
			outputPaths = (
			);
			runOnlyForDeploymentPostprocessing = 0;
			shellPath = /bin/sh;
			shellScript = "\"${SRCROOT}/Pods/Target Support Files/Pods-instagramTests/Pods-instagramTests-frameworks.sh\"\n";
			showEnvVarsInLog = 0;
		};
		07429AC149117934DC5D02C7 /* [CP] Copy Pods Resources */ = {
			isa = PBXShellScriptBuildPhase;
			buildActionMask = 2147483647;
			files = (
			);
			inputPaths = (
			);
			name = "[CP] Copy Pods Resources";
			outputPaths = (
			);
			runOnlyForDeploymentPostprocessing = 0;
			shellPath = /bin/sh;
			shellScript = "\"${SRCROOT}/Pods/Target Support Files/Pods-instagram/Pods-instagram-resources.sh\"\n";
			showEnvVarsInLog = 0;
		};
		0C5571E66D782A9EE1CB3990 /* [CP] Copy Pods Resources */ = {
			isa = PBXShellScriptBuildPhase;
			buildActionMask = 2147483647;
			files = (
			);
			inputPaths = (
			);
			name = "[CP] Copy Pods Resources";
			outputPaths = (
			);
			runOnlyForDeploymentPostprocessing = 0;
			shellPath = /bin/sh;
			shellScript = "\"${SRCROOT}/Pods/Target Support Files/Pods-instagramTests/Pods-instagramTests-resources.sh\"\n";
			showEnvVarsInLog = 0;
		};
		2FD9F7D3B6C4DAAEE7E57076 /* [CP] Embed Pods Frameworks */ = {
			isa = PBXShellScriptBuildPhase;
			buildActionMask = 2147483647;
			files = (
			);
			inputPaths = (
			);
			name = "[CP] Embed Pods Frameworks";
			outputPaths = (
			);
			runOnlyForDeploymentPostprocessing = 0;
			shellPath = /bin/sh;
			shellScript = "\"${SRCROOT}/Pods/Target Support Files/Pods-instagramUITests/Pods-instagramUITests-frameworks.sh\"\n";
			showEnvVarsInLog = 0;
		};
		31C18391B5A1434A3D651F4D /* [CP] Check Pods Manifest.lock */ = {
			isa = PBXShellScriptBuildPhase;
			buildActionMask = 2147483647;
			files = (
			);
			inputPaths = (
			);
			name = "[CP] Check Pods Manifest.lock";
			outputPaths = (
			);
			runOnlyForDeploymentPostprocessing = 0;
			shellPath = /bin/sh;
			shellScript = "diff \"${PODS_PODFILE_DIR_PATH}/Podfile.lock\" \"${PODS_ROOT}/Manifest.lock\" > /dev/null\nif [ $? != 0 ] ; then\n    # print error to STDERR\n    echo \"error: The sandbox is not in sync with the Podfile.lock. Run 'pod install' or update your CocoaPods installation.\" >&2\n    exit 1\nfi\n";
			showEnvVarsInLog = 0;
		};
		3373824549833D68AEE7144F /* [CP] Embed Pods Frameworks */ = {
			isa = PBXShellScriptBuildPhase;
			buildActionMask = 2147483647;
			files = (
			);
			inputPaths = (
			);
			name = "[CP] Embed Pods Frameworks";
			outputPaths = (
			);
			runOnlyForDeploymentPostprocessing = 0;
			shellPath = /bin/sh;
			shellScript = "\"${SRCROOT}/Pods/Target Support Files/Pods-instagram/Pods-instagram-frameworks.sh\"\n";
			showEnvVarsInLog = 0;
		};
		46928C48AFDEF3844F1BA7D1 /* [CP] Check Pods Manifest.lock */ = {
			isa = PBXShellScriptBuildPhase;
			buildActionMask = 2147483647;
			files = (
			);
			inputPaths = (
			);
			name = "[CP] Check Pods Manifest.lock";
			outputPaths = (
			);
			runOnlyForDeploymentPostprocessing = 0;
			shellPath = /bin/sh;
			shellScript = "diff \"${PODS_PODFILE_DIR_PATH}/Podfile.lock\" \"${PODS_ROOT}/Manifest.lock\" > /dev/null\nif [ $? != 0 ] ; then\n    # print error to STDERR\n    echo \"error: The sandbox is not in sync with the Podfile.lock. Run 'pod install' or update your CocoaPods installation.\" >&2\n    exit 1\nfi\n";
			showEnvVarsInLog = 0;
		};
		886DF3B8616B733B37153B7C /* [CP] Check Pods Manifest.lock */ = {
			isa = PBXShellScriptBuildPhase;
			buildActionMask = 2147483647;
			files = (
			);
			inputPaths = (
			);
			name = "[CP] Check Pods Manifest.lock";
			outputPaths = (
			);
			runOnlyForDeploymentPostprocessing = 0;
			shellPath = /bin/sh;
			shellScript = "diff \"${PODS_PODFILE_DIR_PATH}/Podfile.lock\" \"${PODS_ROOT}/Manifest.lock\" > /dev/null\nif [ $? != 0 ] ; then\n    # print error to STDERR\n    echo \"error: The sandbox is not in sync with the Podfile.lock. Run 'pod install' or update your CocoaPods installation.\" >&2\n    exit 1\nfi\n";
			showEnvVarsInLog = 0;
		};
		E390232B2F1FD8FABA0309DB /* [CP] Copy Pods Resources */ = {
			isa = PBXShellScriptBuildPhase;
			buildActionMask = 2147483647;
			files = (
			);
			inputPaths = (
			);
			name = "[CP] Copy Pods Resources";
			outputPaths = (
			);
			runOnlyForDeploymentPostprocessing = 0;
			shellPath = /bin/sh;
			shellScript = "\"${SRCROOT}/Pods/Target Support Files/Pods-instagramUITests/Pods-instagramUITests-resources.sh\"\n";
			showEnvVarsInLog = 0;
		};
/* End PBXShellScriptBuildPhase section */

/* Begin PBXSourcesBuildPhase section */
		A062CBB21F02FD4B00932AAC /* Sources */ = {
			isa = PBXSourcesBuildPhase;
			buildActionMask = 2147483647;
			files = (
				A09F3D341F055CB600F3D3CE /* DetailViewController.swift in Sources */,
				A062CBF11F0329C300932AAC /* ProfileViewController.swift in Sources */,
				A062CBEF1F03287100932AAC /* HomeViewController.swift in Sources */,
				A062CBF51F042B0700932AAC /* homeCell.swift in Sources */,
				A062CBE81F0309B300932AAC /* LoginViewController.swift in Sources */,
				A062CBBC1F02FD4B00932AAC /* ViewController.swift in Sources */,
				A062CBBA1F02FD4B00932AAC /* AppDelegate.swift in Sources */,
				A062CBF31F040B1300932AAC /* Post.swift in Sources */,
				A062CBED1F03282000932AAC /* CaptureViewController.swift in Sources */,
				A09F3D391F05CC7800F3D3CE /* profileCell.swift in Sources */,
			);
			runOnlyForDeploymentPostprocessing = 0;
		};
		A062CBC61F02FD4B00932AAC /* Sources */ = {
			isa = PBXSourcesBuildPhase;
			buildActionMask = 2147483647;
			files = (
				A062CBCF1F02FD4B00932AAC /* instagramTests.swift in Sources */,
			);
			runOnlyForDeploymentPostprocessing = 0;
		};
		A062CBD11F02FD4B00932AAC /* Sources */ = {
			isa = PBXSourcesBuildPhase;
			buildActionMask = 2147483647;
			files = (
				A062CBDA1F02FD4B00932AAC /* instagramUITests.swift in Sources */,
			);
			runOnlyForDeploymentPostprocessing = 0;
		};
/* End PBXSourcesBuildPhase section */

/* Begin PBXTargetDependency section */
		A062CBCC1F02FD4B00932AAC /* PBXTargetDependency */ = {
			isa = PBXTargetDependency;
			target = A062CBB51F02FD4B00932AAC /* instagram */;
			targetProxy = A062CBCB1F02FD4B00932AAC /* PBXContainerItemProxy */;
		};
		A062CBD71F02FD4B00932AAC /* PBXTargetDependency */ = {
			isa = PBXTargetDependency;
			target = A062CBB51F02FD4B00932AAC /* instagram */;
			targetProxy = A062CBD61F02FD4B00932AAC /* PBXContainerItemProxy */;
		};
/* End PBXTargetDependency section */

/* Begin PBXVariantGroup section */
		A062CBBD1F02FD4B00932AAC /* Main.storyboard */ = {
			isa = PBXVariantGroup;
			children = (
				A062CBBE1F02FD4B00932AAC /* Base */,
			);
			name = Main.storyboard;
			sourceTree = "<group>";
		};
		A062CBC21F02FD4B00932AAC /* LaunchScreen.storyboard */ = {
			isa = PBXVariantGroup;
			children = (
				A062CBC31F02FD4B00932AAC /* Base */,
			);
			name = LaunchScreen.storyboard;
			sourceTree = "<group>";
		};
/* End PBXVariantGroup section */

/* Begin XCBuildConfiguration section */
		A062CBDC1F02FD4B00932AAC /* Debug */ = {
			isa = XCBuildConfiguration;
			buildSettings = {
				ALWAYS_SEARCH_USER_PATHS = NO;
				CLANG_ANALYZER_NONNULL = YES;
				CLANG_ANALYZER_NUMBER_OBJECT_CONVERSION = YES_AGGRESSIVE;
				CLANG_CXX_LANGUAGE_STANDARD = "gnu++0x";
				CLANG_CXX_LIBRARY = "libc++";
				CLANG_ENABLE_MODULES = YES;
				CLANG_ENABLE_OBJC_ARC = YES;
				CLANG_WARN_BOOL_CONVERSION = YES;
				CLANG_WARN_CONSTANT_CONVERSION = YES;
				CLANG_WARN_DIRECT_OBJC_ISA_USAGE = YES_ERROR;
				CLANG_WARN_DOCUMENTATION_COMMENTS = YES;
				CLANG_WARN_EMPTY_BODY = YES;
				CLANG_WARN_ENUM_CONVERSION = YES;
				CLANG_WARN_INFINITE_RECURSION = YES;
				CLANG_WARN_INT_CONVERSION = YES;
				CLANG_WARN_OBJC_ROOT_CLASS = YES_ERROR;
				CLANG_WARN_SUSPICIOUS_MOVE = YES;
				CLANG_WARN_UNREACHABLE_CODE = YES;
				CLANG_WARN__DUPLICATE_METHOD_MATCH = YES;
				"CODE_SIGN_IDENTITY[sdk=iphoneos*]" = "iPhone Developer";
				COPY_PHASE_STRIP = NO;
				DEBUG_INFORMATION_FORMAT = dwarf;
				ENABLE_STRICT_OBJC_MSGSEND = YES;
				ENABLE_TESTABILITY = YES;
				GCC_C_LANGUAGE_STANDARD = gnu99;
				GCC_DYNAMIC_NO_PIC = NO;
				GCC_NO_COMMON_BLOCKS = YES;
				GCC_OPTIMIZATION_LEVEL = 0;
				GCC_PREPROCESSOR_DEFINITIONS = (
					"DEBUG=1",
					"$(inherited)",
				);
				GCC_WARN_64_TO_32_BIT_CONVERSION = YES;
				GCC_WARN_ABOUT_RETURN_TYPE = YES_ERROR;
				GCC_WARN_UNDECLARED_SELECTOR = YES;
				GCC_WARN_UNINITIALIZED_AUTOS = YES_AGGRESSIVE;
				GCC_WARN_UNUSED_FUNCTION = YES;
				GCC_WARN_UNUSED_VARIABLE = YES;
				IPHONEOS_DEPLOYMENT_TARGET = 10.3;
				MTL_ENABLE_DEBUG_INFO = YES;
				ONLY_ACTIVE_ARCH = YES;
				SDKROOT = iphoneos;
				SWIFT_ACTIVE_COMPILATION_CONDITIONS = DEBUG;
				SWIFT_OPTIMIZATION_LEVEL = "-Onone";
			};
			name = Debug;
		};
		A062CBDD1F02FD4B00932AAC /* Release */ = {
			isa = XCBuildConfiguration;
			buildSettings = {
				ALWAYS_SEARCH_USER_PATHS = NO;
				CLANG_ANALYZER_NONNULL = YES;
				CLANG_ANALYZER_NUMBER_OBJECT_CONVERSION = YES_AGGRESSIVE;
				CLANG_CXX_LANGUAGE_STANDARD = "gnu++0x";
				CLANG_CXX_LIBRARY = "libc++";
				CLANG_ENABLE_MODULES = YES;
				CLANG_ENABLE_OBJC_ARC = YES;
				CLANG_WARN_BOOL_CONVERSION = YES;
				CLANG_WARN_CONSTANT_CONVERSION = YES;
				CLANG_WARN_DIRECT_OBJC_ISA_USAGE = YES_ERROR;
				CLANG_WARN_DOCUMENTATION_COMMENTS = YES;
				CLANG_WARN_EMPTY_BODY = YES;
				CLANG_WARN_ENUM_CONVERSION = YES;
				CLANG_WARN_INFINITE_RECURSION = YES;
				CLANG_WARN_INT_CONVERSION = YES;
				CLANG_WARN_OBJC_ROOT_CLASS = YES_ERROR;
				CLANG_WARN_SUSPICIOUS_MOVE = YES;
				CLANG_WARN_UNREACHABLE_CODE = YES;
				CLANG_WARN__DUPLICATE_METHOD_MATCH = YES;
				"CODE_SIGN_IDENTITY[sdk=iphoneos*]" = "iPhone Developer";
				COPY_PHASE_STRIP = NO;
				DEBUG_INFORMATION_FORMAT = "dwarf-with-dsym";
				ENABLE_NS_ASSERTIONS = NO;
				ENABLE_STRICT_OBJC_MSGSEND = YES;
				GCC_C_LANGUAGE_STANDARD = gnu99;
				GCC_NO_COMMON_BLOCKS = YES;
				GCC_WARN_64_TO_32_BIT_CONVERSION = YES;
				GCC_WARN_ABOUT_RETURN_TYPE = YES_ERROR;
				GCC_WARN_UNDECLARED_SELECTOR = YES;
				GCC_WARN_UNINITIALIZED_AUTOS = YES_AGGRESSIVE;
				GCC_WARN_UNUSED_FUNCTION = YES;
				GCC_WARN_UNUSED_VARIABLE = YES;
				IPHONEOS_DEPLOYMENT_TARGET = 10.3;
				MTL_ENABLE_DEBUG_INFO = NO;
				SDKROOT = iphoneos;
				SWIFT_OPTIMIZATION_LEVEL = "-Owholemodule";
				VALIDATE_PRODUCT = YES;
			};
			name = Release;
		};
		A062CBDF1F02FD4B00932AAC /* Debug */ = {
			isa = XCBuildConfiguration;
			baseConfigurationReference = 3A02DFDE10A9792449B18840 /* Pods-instagram.debug.xcconfig */;
			buildSettings = {
				ASSETCATALOG_COMPILER_APPICON_NAME = AppIcon;
				DEVELOPMENT_TEAM = SBJXS787V3;
				INFOPLIST_FILE = instagram/Info.plist;
				LD_RUNPATH_SEARCH_PATHS = "$(inherited) @executable_path/Frameworks";
				PRODUCT_BUNDLE_IDENTIFIER = com.afolabi.instagram;
				PRODUCT_NAME = "$(TARGET_NAME)";
				SWIFT_VERSION = 3.0;
			};
			name = Debug;
		};
		A062CBE01F02FD4B00932AAC /* Release */ = {
			isa = XCBuildConfiguration;
			baseConfigurationReference = 78C2065C49999C38C0090E04 /* Pods-instagram.release.xcconfig */;
			buildSettings = {
				ASSETCATALOG_COMPILER_APPICON_NAME = AppIcon;
				DEVELOPMENT_TEAM = SBJXS787V3;
				INFOPLIST_FILE = instagram/Info.plist;
				LD_RUNPATH_SEARCH_PATHS = "$(inherited) @executable_path/Frameworks";
				PRODUCT_BUNDLE_IDENTIFIER = com.afolabi.instagram;
				PRODUCT_NAME = "$(TARGET_NAME)";
				SWIFT_VERSION = 3.0;
			};
			name = Release;
		};
		A062CBE21F02FD4B00932AAC /* Debug */ = {
			isa = XCBuildConfiguration;
			baseConfigurationReference = 821DCA9DE1BAF995D3D303D9 /* Pods-instagramTests.debug.xcconfig */;
			buildSettings = {
				ALWAYS_EMBED_SWIFT_STANDARD_LIBRARIES = YES;
				BUNDLE_LOADER = "$(TEST_HOST)";
				INFOPLIST_FILE = instagramTests/Info.plist;
				LD_RUNPATH_SEARCH_PATHS = "$(inherited) @executable_path/Frameworks @loader_path/Frameworks";
				PRODUCT_BUNDLE_IDENTIFIER = com.afolabi.instagramTests;
				PRODUCT_NAME = "$(TARGET_NAME)";
				SWIFT_VERSION = 3.0;
				TEST_HOST = "$(BUILT_PRODUCTS_DIR)/instagram.app/instagram";
			};
			name = Debug;
		};
		A062CBE31F02FD4B00932AAC /* Release */ = {
			isa = XCBuildConfiguration;
			baseConfigurationReference = 45682E8C04E3B8229B3021CE /* Pods-instagramTests.release.xcconfig */;
			buildSettings = {
				ALWAYS_EMBED_SWIFT_STANDARD_LIBRARIES = YES;
				BUNDLE_LOADER = "$(TEST_HOST)";
				INFOPLIST_FILE = instagramTests/Info.plist;
				LD_RUNPATH_SEARCH_PATHS = "$(inherited) @executable_path/Frameworks @loader_path/Frameworks";
				PRODUCT_BUNDLE_IDENTIFIER = com.afolabi.instagramTests;
				PRODUCT_NAME = "$(TARGET_NAME)";
				SWIFT_VERSION = 3.0;
				TEST_HOST = "$(BUILT_PRODUCTS_DIR)/instagram.app/instagram";
			};
			name = Release;
		};
		A062CBE51F02FD4B00932AAC /* Debug */ = {
			isa = XCBuildConfiguration;
			baseConfigurationReference = 919F432699F6C2E9AE72F2E1 /* Pods-instagramUITests.debug.xcconfig */;
			buildSettings = {
				ALWAYS_EMBED_SWIFT_STANDARD_LIBRARIES = YES;
				INFOPLIST_FILE = instagramUITests/Info.plist;
				LD_RUNPATH_SEARCH_PATHS = "$(inherited) @executable_path/Frameworks @loader_path/Frameworks";
				PRODUCT_BUNDLE_IDENTIFIER = com.afolabi.instagramUITests;
				PRODUCT_NAME = "$(TARGET_NAME)";
				SWIFT_VERSION = 3.0;
				TEST_TARGET_NAME = instagram;
			};
			name = Debug;
		};
		A062CBE61F02FD4B00932AAC /* Release */ = {
			isa = XCBuildConfiguration;
			baseConfigurationReference = 30B9B304A8FC82FB2909A6EE /* Pods-instagramUITests.release.xcconfig */;
			buildSettings = {
				ALWAYS_EMBED_SWIFT_STANDARD_LIBRARIES = YES;
				INFOPLIST_FILE = instagramUITests/Info.plist;
				LD_RUNPATH_SEARCH_PATHS = "$(inherited) @executable_path/Frameworks @loader_path/Frameworks";
				PRODUCT_BUNDLE_IDENTIFIER = com.afolabi.instagramUITests;
				PRODUCT_NAME = "$(TARGET_NAME)";
				SWIFT_VERSION = 3.0;
				TEST_TARGET_NAME = instagram;
			};
			name = Release;
		};
/* End XCBuildConfiguration section */

/* Begin XCConfigurationList section */
		A062CBB11F02FD4B00932AAC /* Build configuration list for PBXProject "instagram" */ = {
			isa = XCConfigurationList;
			buildConfigurations = (
				A062CBDC1F02FD4B00932AAC /* Debug */,
				A062CBDD1F02FD4B00932AAC /* Release */,
			);
			defaultConfigurationIsVisible = 0;
			defaultConfigurationName = Release;
		};
		A062CBDE1F02FD4B00932AAC /* Build configuration list for PBXNativeTarget "instagram" */ = {
			isa = XCConfigurationList;
			buildConfigurations = (
				A062CBDF1F02FD4B00932AAC /* Debug */,
				A062CBE01F02FD4B00932AAC /* Release */,
			);
			defaultConfigurationIsVisible = 0;
			defaultConfigurationName = Release;
		};
		A062CBE11F02FD4B00932AAC /* Build configuration list for PBXNativeTarget "instagramTests" */ = {
			isa = XCConfigurationList;
			buildConfigurations = (
				A062CBE21F02FD4B00932AAC /* Debug */,
				A062CBE31F02FD4B00932AAC /* Release */,
			);
			defaultConfigurationIsVisible = 0;
			defaultConfigurationName = Release;
		};
		A062CBE41F02FD4B00932AAC /* Build configuration list for PBXNativeTarget "instagramUITests" */ = {
			isa = XCConfigurationList;
			buildConfigurations = (
				A062CBE51F02FD4B00932AAC /* Debug */,
				A062CBE61F02FD4B00932AAC /* Release */,
			);
			defaultConfigurationIsVisible = 0;
			defaultConfigurationName = Release;
		};
/* End XCConfigurationList section */
	};
	rootObject = A062CBAE1F02FD4B00932AAC /* Project object */;
}
